// !$*UTF8*$!
{
	archiveVersion = 1;
	classes = {
	};
	objectVersion = 50;
	objects = {

/* Begin PBXBuildFile section */
		06B7F06424FD1FC100FCEFEC /* LeagueVC.swift in Sources */ = {isa = PBXBuildFile; fileRef = 06B7F06324FD1FC100FCEFEC /* LeagueVC.swift */; };
		06B7F06624FD1FD500FCEFEC /* SkillVC.swift in Sources */ = {isa = PBXBuildFile; fileRef = 06B7F06524FD1FD500FCEFEC /* SkillVC.swift */; };
		06B7F06824FD22E100FCEFEC /* Player.swift in Sources */ = {isa = PBXBuildFile; fileRef = 06B7F06724FD22E100FCEFEC /* Player.swift */; };
		06CD9C0024EEA5B100C6972A /* AppDelegate.swift in Sources */ = {isa = PBXBuildFile; fileRef = 06CD9BFF24EEA5B100C6972A /* AppDelegate.swift */; };
		06CD9C0224EEA5B100C6972A /* SceneDelegate.swift in Sources */ = {isa = PBXBuildFile; fileRef = 06CD9C0124EEA5B100C6972A /* SceneDelegate.swift */; };
		06CD9C0424EEA5B100C6972A /* WelcomeVC.swift in Sources */ = {isa = PBXBuildFile; fileRef = 06CD9C0324EEA5B100C6972A /* WelcomeVC.swift */; };
		06CD9C0724EEA5B100C6972A /* Main.storyboard in Resources */ = {isa = PBXBuildFile; fileRef = 06CD9C0524EEA5B100C6972A /* Main.storyboard */; };
		06CD9C0924EEA5B200C6972A /* Assets.xcassets in Resources */ = {isa = PBXBuildFile; fileRef = 06CD9C0824EEA5B200C6972A /* Assets.xcassets */; };
		06CD9C0C24EEA5B200C6972A /* LaunchScreen.storyboard in Resources */ = {isa = PBXBuildFile; fileRef = 06CD9C0A24EEA5B200C6972A /* LaunchScreen.storyboard */; };
		06CD9C1524EEAC7300C6972A /* BorderButton.swift in Sources */ = {isa = PBXBuildFile; fileRef = 06CD9C1424EEAC7300C6972A /* BorderButton.swift */; };
/* End PBXBuildFile section */

/* Begin PBXFileReference section */
		06B7F06324FD1FC100FCEFEC /* LeagueVC.swift */ = {isa = PBXFileReference; lastKnownFileType = sourcecode.swift; path = LeagueVC.swift; sourceTree = "<group>"; };
		06B7F06524FD1FD500FCEFEC /* SkillVC.swift */ = {isa = PBXFileReference; lastKnownFileType = sourcecode.swift; path = SkillVC.swift; sourceTree = "<group>"; };
		06B7F06724FD22E100FCEFEC /* Player.swift */ = {isa = PBXFileReference; lastKnownFileType = sourcecode.swift; path = Player.swift; sourceTree = "<group>"; };
		06CD9BFC24EEA5B100C6972A /* Swoosh.app */ = {isa = PBXFileReference; explicitFileType = wrapper.application; includeInIndex = 0; path = Swoosh.app; sourceTree = BUILT_PRODUCTS_DIR; };
		06CD9BFF24EEA5B100C6972A /* AppDelegate.swift */ = {isa = PBXFileReference; lastKnownFileType = sourcecode.swift; path = AppDelegate.swift; sourceTree = "<group>"; };
		06CD9C0124EEA5B100C6972A /* SceneDelegate.swift */ = {isa = PBXFileReference; lastKnownFileType = sourcecode.swift; path = SceneDelegate.swift; sourceTree = "<group>"; };
		06CD9C0324EEA5B100C6972A /* WelcomeVC.swift */ = {isa = PBXFileReference; lastKnownFileType = sourcecode.swift; path = WelcomeVC.swift; sourceTree = "<group>"; };
		06CD9C0624EEA5B100C6972A /* Base */ = {isa = PBXFileReference; lastKnownFileType = file.storyboard; name = Base; path = Base.lproj/Main.storyboard; sourceTree = "<group>"; };
		06CD9C0824EEA5B200C6972A /* Assets.xcassets */ = {isa = PBXFileReference; lastKnownFileType = folder.assetcatalog; path = Assets.xcassets; sourceTree = "<group>"; };
		06CD9C0B24EEA5B200C6972A /* Base */ = {isa = PBXFileReference; lastKnownFileType = file.storyboard; name = Base; path = Base.lproj/LaunchScreen.storyboard; sourceTree = "<group>"; };
		06CD9C0D24EEA5B200C6972A /* Info.plist */ = {isa = PBXFileReference; lastKnownFileType = text.plist.xml; path = Info.plist; sourceTree = "<group>"; };
		06CD9C1424EEAC7300C6972A /* BorderButton.swift */ = {isa = PBXFileReference; lastKnownFileType = sourcecode.swift; path = BorderButton.swift; sourceTree = "<group>"; };
/* End PBXFileReference section */

/* Begin PBXFrameworksBuildPhase section */
		06CD9BF924EEA5B100C6972A /* Frameworks */ = {
			isa = PBXFrameworksBuildPhase;
			buildActionMask = 2147483647;
			files = (
			);
			runOnlyForDeploymentPostprocessing = 0;
		};
/* End PBXFrameworksBuildPhase section */

/* Begin PBXGroup section */
		06B7F06124FD1EDC00FCEFEC /* Model */ = {
			isa = PBXGroup;
			children = (
				06B7F06724FD22E100FCEFEC /* Player.swift */,
			);
			path = Model;
			sourceTree = "<group>";
		};
		06B7F06224FD1EE900FCEFEC /* Controller */ = {
			isa = PBXGroup;
			children = (
				06CD9C0324EEA5B100C6972A /* WelcomeVC.swift */,
				06B7F06324FD1FC100FCEFEC /* LeagueVC.swift */,
				06B7F06524FD1FD500FCEFEC /* SkillVC.swift */,
			);
			path = Controller;
			sourceTree = "<group>";
		};
		06CD9BF324EEA5B000C6972A = {
			isa = PBXGroup;
			children = (
				06CD9BFE24EEA5B100C6972A /* Swoosh */,
				06CD9BFD24EEA5B100C6972A /* Products */,
			);
			sourceTree = "<group>";
		};
		06CD9BFD24EEA5B100C6972A /* Products */ = {
			isa = PBXGroup;
			children = (
				06CD9BFC24EEA5B100C6972A /* Swoosh.app */,
			);
			name = Products;
			sourceTree = "<group>";
		};
		06CD9BFE24EEA5B100C6972A /* Swoosh */ = {
			isa = PBXGroup;
			children = (
				06B7F06124FD1EDC00FCEFEC /* Model */,
				06B7F06224FD1EE900FCEFEC /* Controller */,
				06CD9C1324EEAC5000C6972A /* View */,
				06CD9BFF24EEA5B100C6972A /* AppDelegate.swift */,
				06CD9C0124EEA5B100C6972A /* SceneDelegate.swift */,
				06CD9C0524EEA5B100C6972A /* Main.storyboard */,
				06CD9C0824EEA5B200C6972A /* Assets.xcassets */,
				06CD9C0A24EEA5B200C6972A /* LaunchScreen.storyboard */,
				06CD9C0D24EEA5B200C6972A /* Info.plist */,
			);
			path = Swoosh;
			sourceTree = "<group>";
		};
		06CD9C1324EEAC5000C6972A /* View */ = {
			isa = PBXGroup;
			children = (
				06CD9C1424EEAC7300C6972A /* BorderButton.swift */,
			);
			path = View;
			sourceTree = "<group>";
		};
/* End PBXGroup section */

/* Begin PBXNativeTarget section */
		06CD9BFB24EEA5B100C6972A /* Swoosh */ = {
			isa = PBXNativeTarget;
			buildConfigurationList = 06CD9C1024EEA5B200C6972A /* Build configuration list for PBXNativeTarget "Swoosh" */;
			buildPhases = (
				06CD9BF824EEA5B100C6972A /* Sources */,
				06CD9BF924EEA5B100C6972A /* Frameworks */,
				06CD9BFA24EEA5B100C6972A /* Resources */,
			);
			buildRules = (
			);
			dependencies = (
			);
			name = Swoosh;
			productName = Swoosh;
			productReference = 06CD9BFC24EEA5B100C6972A /* Swoosh.app */;
			productType = "com.apple.product-type.application";
		};
/* End PBXNativeTarget section */

/* Begin PBXProject section */
		06CD9BF424EEA5B000C6972A /* Project object */ = {
			isa = PBXProject;
			attributes = {
				LastSwiftUpdateCheck = 1160;
				LastUpgradeCheck = 1160;
				ORGANIZATIONNAME = "Rares Man";
				TargetAttributes = {
					06CD9BFB24EEA5B100C6972A = {
						CreatedOnToolsVersion = 11.6;
					};
				};
			};
			buildConfigurationList = 06CD9BF724EEA5B000C6972A /* Build configuration list for PBXProject "Swoosh" */;
			compatibilityVersion = "Xcode 9.3";
			developmentRegion = en;
			hasScannedForEncodings = 0;
			knownRegions = (
				en,
				Base,
			);
			mainGroup = 06CD9BF324EEA5B000C6972A;
			productRefGroup = 06CD9BFD24EEA5B100C6972A /* Products */;
			projectDirPath = "";
			projectRoot = "";
			targets = (
				06CD9BFB24EEA5B100C6972A /* Swoosh */,
			);
		};
/* End PBXProject section */

/* Begin PBXResourcesBuildPhase section */
		06CD9BFA24EEA5B100C6972A /* Resources */ = {
			isa = PBXResourcesBuildPhase;
			buildActionMask = 2147483647;
			files = (
				06CD9C0C24EEA5B200C6972A /* LaunchScreen.storyboard in Resources */,
				06CD9C0924EEA5B200C6972A /* Assets.xcassets in Resources */,
				06CD9C0724EEA5B100C6972A /* Main.storyboard in Resources */,
			);
			runOnlyForDeploymentPostprocessing = 0;
		};
/* End PBXResourcesBuildPhase section */

/* Begin PBXSourcesBuildPhase section */
		06CD9BF824EEA5B100C6972A /* Sources */ = {
			isa = PBXSourcesBuildPhase;
			buildActionMask = 2147483647;
			files = (
				06B7F06424FD1FC100FCEFEC /* LeagueVC.swift in Sources */,
				06CD9C0424EEA5B100C6972A /* WelcomeVC.swift in Sources */,
				06CD9C0024EEA5B100C6972A /* AppDelegate.swift in Sources */,
				06CD9C0224EEA5B100C6972A /* SceneDelegate.swift in Sources */,
				06B7F06824FD22E100FCEFEC /* Player.swift in Sources */,
				06B7F06624FD1FD500FCEFEC /* SkillVC.swift in Sources */,
				06CD9C1524EEAC7300C6972A /* BorderButton.swift in Sources */,
			);
			runOnlyForDeploymentPostprocessing = 0;
		};
/* End PBXSourcesBuildPhase section */

/* Begin PBXVariantGroup section */
		06CD9C0524EEA5B100C6972A /* Main.storyboard */ = {
			isa = PBXVariantGroup;
			children = (
				06CD9C0624EEA5B100C6972A /* Base */,
			);
			name = Main.storyboard;
			sourceTree = "<group>";
		};
		06CD9C0A24EEA5B200C6972A /* LaunchScreen.storyboard */ = {
			isa = PBXVariantGroup;
			children = (
				06CD9C0B24EEA5B200C6972A /* Base */,
			);
			name = LaunchScreen.storyboard;
			sourceTree = "<group>";
		};
/* End PBXVariantGroup section */

/* Begin XCBuildConfiguration section */
		06CD9C0E24EEA5B200C6972A /* Debug */ = {
			isa = XCBuildConfiguration;
			buildSettings = {
				ALWAYS_SEARCH_USER_PATHS = NO;
				CLANG_ANALYZER_NONNULL = YES;
				CLANG_ANALYZER_NUMBER_OBJECT_CONVERSION = YES_AGGRESSIVE;
				CLANG_CXX_LANGUAGE_STANDARD = "gnu++14";
				CLANG_CXX_LIBRARY = "libc++";
				CLANG_ENABLE_MODULES = YES;
				CLANG_ENABLE_OBJC_ARC = YES;
				CLANG_ENABLE_OBJC_WEAK = YES;
				CLANG_WARN_BLOCK_CAPTURE_AUTORELEASING = YES;
				CLANG_WARN_BOOL_CONVERSION = YES;
				CLANG_WARN_COMMA = YES;
				CLANG_WARN_CONSTANT_CONVERSION = YES;
				CLANG_WARN_DEPRECATED_OBJC_IMPLEMENTATIONS = YES;
				CLANG_WARN_DIRECT_OBJC_ISA_USAGE = YES_ERROR;
				CLANG_WARN_DOCUMENTATION_COMMENTS = YES;
				CLANG_WARN_EMPTY_BODY = YES;
				CLANG_WARN_ENUM_CONVERSION = YES;
				CLANG_WARN_INFINITE_RECURSION = YES;
				CLANG_WARN_INT_CONVERSION = YES;
				CLANG_WARN_NON_LITERAL_NULL_CONVERSION = YES;
				CLANG_WARN_OBJC_IMPLICIT_RETAIN_SELF = YES;
				CLANG_WARN_OBJC_LITERAL_CONVERSION = YES;
				CLANG_WARN_OBJC_ROOT_CLASS = YES_ERROR;
				CLANG_WARN_RANGE_LOOP_ANALYSIS = YES;
				CLANG_WARN_STRICT_PROTOTYPES = YES;
				CLANG_WARN_SUSPICIOUS_MOVE = YES;
				CLANG_WARN_UNGUARDED_AVAILABILITY = YES_AGGRESSIVE;
				CLANG_WARN_UNREACHABLE_CODE = YES;
				CLANG_WARN__DUPLICATE_METHOD_MATCH = YES;
				COPY_PHASE_STRIP = NO;
				DEBUG_INFORMATION_FORMAT = dwarf;
				ENABLE_STRICT_OBJC_MSGSEND = YES;
				ENABLE_TESTABILITY = YES;
				GCC_C_LANGUAGE_STANDARD = gnu11;
				GCC_DYNAMIC_NO_PIC = NO;
				GCC_NO_COMMON_BLOCKS = YES;
				GCC_OPTIMIZATION_LEVEL = 0;
				GCC_PREPROCESSOR_DEFINITIONS = (
					"DEBUG=1",
					"$(inherited)",
				);
				GCC_WARN_64_TO_32_BIT_CONVERSION = YES;
				GCC_WARN_ABOUT_RETURN_TYPE = YES_ERROR;
				GCC_WARN_UNDECLARED_SELECTOR = YES;
				GCC_WARN_UNINITIALIZED_AUTOS = YES_AGGRESSIVE;
				GCC_WARN_UNUSED_FUNCTION = YES;
				GCC_WARN_UNUSED_VARIABLE = YES;
				IPHONEOS_DEPLOYMENT_TARGET = 13.6;
				MTL_ENABLE_DEBUG_INFO = INCLUDE_SOURCE;
				MTL_FAST_MATH = YES;
				ONLY_ACTIVE_ARCH = YES;
				SDKROOT = iphoneos;
				SWIFT_ACTIVE_COMPILATION_CONDITIONS = DEBUG;
				SWIFT_OPTIMIZATION_LEVEL = "-Onone";
			};
			name = Debug;
		};
		06CD9C0F24EEA5B200C6972A /* Release */ = {
			isa = XCBuildConfiguration;
			buildSettings = {
				ALWAYS_SEARCH_USER_PATHS = NO;
				CLANG_ANALYZER_NONNULL = YES;
				CLANG_ANALYZER_NUMBER_OBJECT_CONVERSION = YES_AGGRESSIVE;
				CLANG_CXX_LANGUAGE_STANDARD = "gnu++14";
				CLANG_CXX_LIBRARY = "libc++";
				CLANG_ENABLE_MODULES = YES;
				CLANG_ENABLE_OBJC_ARC = YES;
				CLANG_ENABLE_OBJC_WEAK = YES;
				CLANG_WARN_BLOCK_CAPTURE_AUTORELEASING = YES;
				CLANG_WARN_BOOL_CONVERSION = YES;
				CLANG_WARN_COMMA = YES;
				CLANG_WARN_CONSTANT_CONVERSION = YES;
				CLANG_WARN_DEPRECATED_OBJC_IMPLEMENTATIONS = YES;
				CLANG_WARN_DIRECT_OBJC_ISA_USAGE = YES_ERROR;
				CLANG_WARN_DOCUMENTATION_COMMENTS = YES;
				CLANG_WARN_EMPTY_BODY = YES;
				CLANG_WARN_ENUM_CONVERSION = YES;
				CLANG_WARN_INFINITE_RECURSION = YES;
				CLANG_WARN_INT_CONVERSION = YES;
				CLANG_WARN_NON_LITERAL_NULL_CONVERSION = YES;
				CLANG_WARN_OBJC_IMPLICIT_RETAIN_SELF = YES;
				CLANG_WARN_OBJC_LITERAL_CONVERSION = YES;
				CLANG_WARN_OBJC_ROOT_CLASS = YES_ERROR;
				CLANG_WARN_RANGE_LOOP_ANALYSIS = YES;
				CLANG_WARN_STRICT_PROTOTYPES = YES;
				CLANG_WARN_SUSPICIOUS_MOVE = YES;
				CLANG_WARN_UNGUARDED_AVAILABILITY = YES_AGGRESSIVE;
				CLANG_WARN_UNREACHABLE_CODE = YES;
				CLANG_WARN__DUPLICATE_METHOD_MATCH = YES;
				COPY_PHASE_STRIP = NO;
				DEBUG_INFORMATION_FORMAT = "dwarf-with-dsym";
				ENABLE_NS_ASSERTIONS = NO;
				ENABLE_STRICT_OBJC_MSGSEND = YES;
				GCC_C_LANGUAGE_STANDARD = gnu11;
				GCC_NO_COMMON_BLOCKS = YES;
				GCC_WARN_64_TO_32_BIT_CONVERSION = YES;
				GCC_WARN_ABOUT_RETURN_TYPE = YES_ERROR;
				GCC_WARN_UNDECLARED_SELECTOR = YES;
				GCC_WARN_UNINITIALIZED_AUTOS = YES_AGGRESSIVE;
				GCC_WARN_UNUSED_FUNCTION = YES;
				GCC_WARN_UNUSED_VARIABLE = YES;
				IPHONEOS_DEPLOYMENT_TARGET = 13.6;
				MTL_ENABLE_DEBUG_INFO = NO;
				MTL_FAST_MATH = YES;
				SDKROOT = iphoneos;
				SWIFT_COMPILATION_MODE = wholemodule;
				SWIFT_OPTIMIZATION_LEVEL = "-O";
				VALIDATE_PRODUCT = YES;
			};
			name = Release;
		};
		06CD9C1124EEA5B200C6972A /* Debug */ = {
			isa = XCBuildConfiguration;
			buildSettings = {
				ASSETCATALOG_COMPILER_APPICON_NAME = AppIcon;
				CODE_SIGN_STYLE = Automatic;
				DEVELOPMENT_TEAM = Y58L2YDVT2;
				INFOPLIST_FILE = Swoosh/Info.plist;
				LD_RUNPATH_SEARCH_PATHS = (
					"$(inherited)",
					"@executable_path/Frameworks",
				);
				PRODUCT_BUNDLE_IDENTIFIER = Roy.Swoosh;
				PRODUCT_NAME = "$(TARGET_NAME)";
				SWIFT_VERSION = 5.0;
				TARGETED_DEVICE_FAMILY = "1,2";
			};
			name = Debug;
		};
		06CD9C1224EEA5B200C6972A /* Release */ = {
			isa = XCBuildConfiguration;
			buildSettings = {
				ASSETCATALOG_COMPILER_APPICON_NAME = AppIcon;
				CODE_SIGN_STYLE = Automatic;
				DEVELOPMENT_TEAM = Y58L2YDVT2;
				INFOPLIST_FILE = Swoosh/Info.plist;
				LD_RUNPATH_SEARCH_PATHS = (
					"$(inherited)",
					"@executable_path/Frameworks",
				);
				PRODUCT_BUNDLE_IDENTIFIER = Roy.Swoosh;
				PRODUCT_NAME = "$(TARGET_NAME)";
				SWIFT_VERSION = 5.0;
				TARGETED_DEVICE_FAMILY = "1,2";
			};
			name = Release;
		};
/* End XCBuildConfiguration section */

/* Begin XCConfigurationList section */
		06CD9BF724EEA5B000C6972A /* Build configuration list for PBXProject "Swoosh" */ = {
			isa = XCConfigurationList;
			buildConfigurations = (
				06CD9C0E24EEA5B200C6972A /* Debug */,
				06CD9C0F24EEA5B200C6972A /* Release */,
			);
			defaultConfigurationIsVisible = 0;
			defaultConfigurationName = Release;
		};
		06CD9C1024EEA5B200C6972A /* Build configuration list for PBXNativeTarget "Swoosh" */ = {
			isa = XCConfigurationList;
			buildConfigurations = (
				06CD9C1124EEA5B200C6972A /* Debug */,
				06CD9C1224EEA5B200C6972A /* Release */,
			);
			defaultConfigurationIsVisible = 0;
			defaultConfigurationName = Release;
		};
/* End XCConfigurationList section */
	};
	rootObject = 06CD9BF424EEA5B000C6972A /* Project object */;
}
